
Microsoft Visual Studio Solution File, Format Version 12.00
# Visual Studio 2012
Project("{FAE04EC0-301F-11D3-BF4B-00C04F79EFBC}") = "ImportPipeline", "ImportPipeline.csproj", "{B0C6C1DB-FA8A-418E-89D8-2F21D7650D3E}"
EndProject
Project("{FAE04EC0-301F-11D3-BF4B-00C04F79EFBC}") = "HtmlDatasource", "..\HtmlDatasource\HtmlDatasource.csproj", "{67A6E646-6C1A-44CB-A33D-6591BD3EF6C1}"
EndProject
Project("{FAE04EC0-301F-11D3-BF4B-00C04F79EFBC}") = "Importer", "..\Importer\Importer.csproj", "{FFE19C24-9E55-459E-9CD9-0F589DDBD7E7}"
EndProject
Global
	GlobalSection(SolutionConfigurationPlatforms) = preSolution
		Debug|Any CPU = Debug|Any CPU
		Release|Any CPU = Release|Any CPU
	EndGlobalSection
	GlobalSection(ProjectConfigurationPlatforms) = postSolution
		{B0C6C1DB-FA8A-418E-89D8-2F21D7650D3E}.Debug|Any CPU.ActiveCfg = Debug|Any CPU
		{B0C6C1DB-FA8A-418E-89D8-2F21D7650D3E}.Debug|Any CPU.Build.0 = Debug|Any CPU
		{B0C6C1DB-FA8A-418E-89D8-2F21D7650D3E}.Release|Any CPU.ActiveCfg = Release|Any CPU
		{B0C6C1DB-FA8A-418E-89D8-2F21D7650D3E}.Release|Any CPU.Build.0 = Release|Any CPU
		{67A6E646-6C1A-44CB-A33D-6591BD3EF6C1}.Debug|Any CPU.ActiveCfg = Debug|Any CPU
		{67A6E646-6C1A-44CB-A33D-6591BD3EF6C1}.Debug|Any CPU.Build.0 = Debug|Any CPU
		{67A6E646-6C1A-44CB-A33D-6591BD3EF6C1}.Release|Any CPU.ActiveCfg = Release|Any CPU
		{67A6E646-6C1A-44CB-A33D-6591BD3EF6C1}.Release|Any CPU.Build.0 = Release|Any CPU
		{FFE19C24-9E55-459E-9CD9-0F589DDBD7E7}.Debug|Any CPU.ActiveCfg = Debug|Any CPU
		{FFE19C24-9E55-459E-9CD9-0F589DDBD7E7}.Debug|Any CPU.Build.0 = Debug|Any CPU
		{FFE19C24-9E55-459E-9CD9-0F589DDBD7E7}.Release|Any CPU.ActiveCfg = Release|Any CPU
		{FFE19C24-9E55-459E-9CD9-0F589DDBD7E7}.Release|Any CPU.Build.0 = Release|Any CPU
	EndGlobalSection
	GlobalSection(SolutionProperties) = preSolution
		HideSolutionNode = FALSE
	EndGlobalSection
EndGlobal
